// !$*UTF8*$!
{
	archiveVersion = 1;
	classes = {
	};
	objectVersion = 56;
	objects = {

/* Begin PBXBuildFile section */
		FADAE4FD2D426FCD0020AF3F /* CommonModule.docc in Sources */ = {isa = PBXBuildFile; fileRef = FADAE4FC2D426FCD0020AF3F /* CommonModule.docc */; };
		FADAE5032D426FCD0020AF3F /* CommonModule.framework in Frameworks */ = {isa = PBXBuildFile; fileRef = FADAE4F82D426FCD0020AF3F /* CommonModule.framework */; };
		FADAE5082D426FCD0020AF3F /* CommonModuleTests.swift in Sources */ = {isa = PBXBuildFile; fileRef = FADAE5072D426FCD0020AF3F /* CommonModuleTests.swift */; };
		FADAE5092D426FCD0020AF3F /* CommonModule.h in Headers */ = {isa = PBXBuildFile; fileRef = FADAE4FB2D426FCD0020AF3F /* CommonModule.h */; settings = {ATTRIBUTES = (Public, ); }; };
		FADAE5132D426FF00020AF3F /* UICollectionView+Extension.swift in Sources */ = {isa = PBXBuildFile; fileRef = FADAE5122D426FF00020AF3F /* UICollectionView+Extension.swift */; };
		FADAE5152D426FF50020AF3F /* UICollectionViewCell+Extension.swift in Sources */ = {isa = PBXBuildFile; fileRef = FADAE5142D426FF50020AF3F /* UICollectionViewCell+Extension.swift */; };
/* End PBXBuildFile section */

/* Begin PBXContainerItemProxy section */
		FADAE5042D426FCD0020AF3F /* PBXContainerItemProxy */ = {
			isa = PBXContainerItemProxy;
			containerPortal = FADAE4EF2D426FCD0020AF3F /* Project object */;
			proxyType = 1;
			remoteGlobalIDString = FADAE4F72D426FCD0020AF3F;
			remoteInfo = CommonModule;
		};
/* End PBXContainerItemProxy section */

/* Begin PBXFileReference section */
		FADAE4F82D426FCD0020AF3F /* CommonModule.framework */ = {isa = PBXFileReference; explicitFileType = wrapper.framework; includeInIndex = 0; path = CommonModule.framework; sourceTree = BUILT_PRODUCTS_DIR; };
		FADAE4FB2D426FCD0020AF3F /* CommonModule.h */ = {isa = PBXFileReference; lastKnownFileType = sourcecode.c.h; path = CommonModule.h; sourceTree = "<group>"; };
		FADAE4FC2D426FCD0020AF3F /* CommonModule.docc */ = {isa = PBXFileReference; lastKnownFileType = folder.documentationcatalog; path = CommonModule.docc; sourceTree = "<group>"; };
		FADAE5022D426FCD0020AF3F /* CommonModuleTests.xctest */ = {isa = PBXFileReference; explicitFileType = wrapper.cfbundle; includeInIndex = 0; path = CommonModuleTests.xctest; sourceTree = BUILT_PRODUCTS_DIR; };
		FADAE5072D426FCD0020AF3F /* CommonModuleTests.swift */ = {isa = PBXFileReference; lastKnownFileType = sourcecode.swift; path = CommonModuleTests.swift; sourceTree = "<group>"; };
		FADAE5122D426FF00020AF3F /* UICollectionView+Extension.swift */ = {isa = PBXFileReference; lastKnownFileType = sourcecode.swift; path = "UICollectionView+Extension.swift"; sourceTree = "<group>"; };
		FADAE5142D426FF50020AF3F /* UICollectionViewCell+Extension.swift */ = {isa = PBXFileReference; lastKnownFileType = sourcecode.swift; path = "UICollectionViewCell+Extension.swift"; sourceTree = "<group>"; };
/* End PBXFileReference section */

/* Begin PBXFrameworksBuildPhase section */
		FADAE4F52D426FCD0020AF3F /* Frameworks */ = {
			isa = PBXFrameworksBuildPhase;
			buildActionMask = 2147483647;
			files = (
			);
			runOnlyForDeploymentPostprocessing = 0;
		};
		FADAE4FF2D426FCD0020AF3F /* Frameworks */ = {
			isa = PBXFrameworksBuildPhase;
			buildActionMask = 2147483647;
			files = (
				FADAE5032D426FCD0020AF3F /* CommonModule.framework in Frameworks */,
			);
			runOnlyForDeploymentPostprocessing = 0;
		};
/* End PBXFrameworksBuildPhase section */

/* Begin PBXGroup section */
		FADAE4EE2D426FCD0020AF3F = {
			isa = PBXGroup;
			children = (
				FADAE4FA2D426FCD0020AF3F /* CommonModule */,
				FADAE5062D426FCD0020AF3F /* CommonModuleTests */,
				FADAE4F92D426FCD0020AF3F /* Products */,
			);
			sourceTree = "<group>";
		};
		FADAE4F92D426FCD0020AF3F /* Products */ = {
			isa = PBXGroup;
			children = (
				FADAE4F82D426FCD0020AF3F /* CommonModule.framework */,
				FADAE5022D426FCD0020AF3F /* CommonModuleTests.xctest */,
			);
			name = Products;
			sourceTree = "<group>";
		};
		FADAE4FA2D426FCD0020AF3F /* CommonModule */ = {
			isa = PBXGroup;
			children = (
				FADAE5122D426FF00020AF3F /* UICollectionView+Extension.swift */,
				FADAE5142D426FF50020AF3F /* UICollectionViewCell+Extension.swift */,
				FADAE4FB2D426FCD0020AF3F /* CommonModule.h */,
				FADAE4FC2D426FCD0020AF3F /* CommonModule.docc */,
			);
			path = CommonModule;
			sourceTree = "<group>";
		};
		FADAE5062D426FCD0020AF3F /* CommonModuleTests */ = {
			isa = PBXGroup;
			children = (
				FADAE5072D426FCD0020AF3F /* CommonModuleTests.swift */,
			);
			path = CommonModuleTests;
			sourceTree = "<group>";
		};
/* End PBXGroup section */

/* Begin PBXHeadersBuildPhase section */
		FADAE4F32D426FCD0020AF3F /* Headers */ = {
			isa = PBXHeadersBuildPhase;
			buildActionMask = 2147483647;
			files = (
				FADAE5092D426FCD0020AF3F /* CommonModule.h in Headers */,
			);
			runOnlyForDeploymentPostprocessing = 0;
		};
/* End PBXHeadersBuildPhase section */

/* Begin PBXNativeTarget section */
		FADAE4F72D426FCD0020AF3F /* CommonModule */ = {
			isa = PBXNativeTarget;
			buildConfigurationList = FADAE50C2D426FCD0020AF3F /* Build configuration list for PBXNativeTarget "CommonModule" */;
			buildPhases = (
				FADAE4F32D426FCD0020AF3F /* Headers */,
				FADAE4F42D426FCD0020AF3F /* Sources */,
				FADAE4F52D426FCD0020AF3F /* Frameworks */,
				FADAE4F62D426FCD0020AF3F /* Resources */,
			);
			buildRules = (
			);
			dependencies = (
			);
			name = CommonModule;
			productName = CommonModule;
			productReference = FADAE4F82D426FCD0020AF3F /* CommonModule.framework */;
			productType = "com.apple.product-type.framework";
		};
		FADAE5012D426FCD0020AF3F /* CommonModuleTests */ = {
			isa = PBXNativeTarget;
			buildConfigurationList = FADAE50F2D426FCD0020AF3F /* Build configuration list for PBXNativeTarget "CommonModuleTests" */;
			buildPhases = (
				FADAE4FE2D426FCD0020AF3F /* Sources */,
				FADAE4FF2D426FCD0020AF3F /* Frameworks */,
				FADAE5002D426FCD0020AF3F /* Resources */,
			);
			buildRules = (
			);
			dependencies = (
				FADAE5052D426FCD0020AF3F /* PBXTargetDependency */,
			);
			name = CommonModuleTests;
			productName = CommonModuleTests;
			productReference = FADAE5022D426FCD0020AF3F /* CommonModuleTests.xctest */;
			productType = "com.apple.product-type.bundle.unit-test";
		};
/* End PBXNativeTarget section */

/* Begin PBXProject section */
		FADAE4EF2D426FCD0020AF3F /* Project object */ = {
			isa = PBXProject;
			attributes = {
				BuildIndependentTargetsInParallel = 1;
				LastSwiftUpdateCheck = 1500;
				LastUpgradeCheck = 1500;
				TargetAttributes = {
					FADAE4F72D426FCD0020AF3F = {
						CreatedOnToolsVersion = 15.0.1;
					};
					FADAE5012D426FCD0020AF3F = {
						CreatedOnToolsVersion = 15.0.1;
					};
				};
			};
			buildConfigurationList = FADAE4F22D426FCD0020AF3F /* Build configuration list for PBXProject "CommonModule" */;
			compatibilityVersion = "Xcode 14.0";
			developmentRegion = en;
			hasScannedForEncodings = 0;
			knownRegions = (
				en,
				Base,
			);
			mainGroup = FADAE4EE2D426FCD0020AF3F;
			productRefGroup = FADAE4F92D426FCD0020AF3F /* Products */;
			projectDirPath = "";
			projectRoot = "";
			targets = (
				FADAE4F72D426FCD0020AF3F /* CommonModule */,
				FADAE5012D426FCD0020AF3F /* CommonModuleTests */,
			);
		};
/* End PBXProject section */

/* Begin PBXResourcesBuildPhase section */
		FADAE4F62D426FCD0020AF3F /* Resources */ = {
			isa = PBXResourcesBuildPhase;
			buildActionMask = 2147483647;
			files = (
			);
			runOnlyForDeploymentPostprocessing = 0;
		};
		FADAE5002D426FCD0020AF3F /* Resources */ = {
			isa = PBXResourcesBuildPhase;
			buildActionMask = 2147483647;
			files = (
			);
			runOnlyForDeploymentPostprocessing = 0;
		};
/* End PBXResourcesBuildPhase section */

/* Begin PBXSourcesBuildPhase section */
		FADAE4F42D426FCD0020AF3F /* Sources */ = {
			isa = PBXSourcesBuildPhase;
			buildActionMask = 2147483647;
			files = (
				FADAE5132D426FF00020AF3F /* UICollectionView+Extension.swift in Sources */,
				FADAE4FD2D426FCD0020AF3F /* CommonModule.docc in Sources */,
				FADAE5152D426FF50020AF3F /* UICollectionViewCell+Extension.swift in Sources */,
			);
			runOnlyForDeploymentPostprocessing = 0;
		};
		FADAE4FE2D426FCD0020AF3F /* Sources */ = {
			isa = PBXSourcesBuildPhase;
			buildActionMask = 2147483647;
			files = (
				FADAE5082D426FCD0020AF3F /* CommonModuleTests.swift in Sources */,
			);
			runOnlyForDeploymentPostprocessing = 0;
		};
/* End PBXSourcesBuildPhase section */

/* Begin PBXTargetDependency section */
		FADAE5052D426FCD0020AF3F /* PBXTargetDependency */ = {
			isa = PBXTargetDependency;
			target = FADAE4F72D426FCD0020AF3F /* CommonModule */;
			targetProxy = FADAE5042D426FCD0020AF3F /* PBXContainerItemProxy */;
		};
/* End PBXTargetDependency section */

/* Begin XCBuildConfiguration section */
		FADAE50A2D426FCD0020AF3F /* Debug */ = {
			isa = XCBuildConfiguration;
			buildSettings = {
				ALWAYS_SEARCH_USER_PATHS = NO;
				ASSETCATALOG_COMPILER_GENERATE_SWIFT_ASSET_SYMBOL_EXTENSIONS = YES;
				CLANG_ANALYZER_NONNULL = YES;
				CLANG_ANALYZER_NUMBER_OBJECT_CONVERSION = YES_AGGRESSIVE;
				CLANG_CXX_LANGUAGE_STANDARD = "gnu++20";
				CLANG_ENABLE_MODULES = YES;
				CLANG_ENABLE_OBJC_ARC = YES;
				CLANG_ENABLE_OBJC_WEAK = YES;
				CLANG_WARN_BLOCK_CAPTURE_AUTORELEASING = YES;
				CLANG_WARN_BOOL_CONVERSION = YES;
				CLANG_WARN_COMMA = YES;
				CLANG_WARN_CONSTANT_CONVERSION = YES;
				CLANG_WARN_DEPRECATED_OBJC_IMPLEMENTATIONS = YES;
				CLANG_WARN_DIRECT_OBJC_ISA_USAGE = YES_ERROR;
				CLANG_WARN_DOCUMENTATION_COMMENTS = YES;
				CLANG_WARN_EMPTY_BODY = YES;
				CLANG_WARN_ENUM_CONVERSION = YES;
				CLANG_WARN_INFINITE_RECURSION = YES;
				CLANG_WARN_INT_CONVERSION = YES;
				CLANG_WARN_NON_LITERAL_NULL_CONVERSION = YES;
				CLANG_WARN_OBJC_IMPLICIT_RETAIN_SELF = YES;
				CLANG_WARN_OBJC_LITERAL_CONVERSION = YES;
				CLANG_WARN_OBJC_ROOT_CLASS = YES_ERROR;
				CLANG_WARN_QUOTED_INCLUDE_IN_FRAMEWORK_HEADER = YES;
				CLANG_WARN_RANGE_LOOP_ANALYSIS = YES;
				CLANG_WARN_STRICT_PROTOTYPES = YES;
				CLANG_WARN_SUSPICIOUS_MOVE = YES;
				CLANG_WARN_UNGUARDED_AVAILABILITY = YES_AGGRESSIVE;
				CLANG_WARN_UNREACHABLE_CODE = YES;
				CLANG_WARN__DUPLICATE_METHOD_MATCH = YES;
				COPY_PHASE_STRIP = NO;
				CURRENT_PROJECT_VERSION = 1;
				DEBUG_INFORMATION_FORMAT = dwarf;
				ENABLE_STRICT_OBJC_MSGSEND = YES;
				ENABLE_TESTABILITY = YES;
				ENABLE_USER_SCRIPT_SANDBOXING = YES;
				GCC_C_LANGUAGE_STANDARD = gnu17;
				GCC_DYNAMIC_NO_PIC = NO;
				GCC_NO_COMMON_BLOCKS = YES;
				GCC_OPTIMIZATION_LEVEL = 0;
				GCC_PREPROCESSOR_DEFINITIONS = (
					"DEBUG=1",
					"$(inherited)",
				);
				GCC_WARN_64_TO_32_BIT_CONVERSION = YES;
				GCC_WARN_ABOUT_RETURN_TYPE = YES_ERROR;
				GCC_WARN_UNDECLARED_SELECTOR = YES;
				GCC_WARN_UNINITIALIZED_AUTOS = YES_AGGRESSIVE;
				GCC_WARN_UNUSED_FUNCTION = YES;
				GCC_WARN_UNUSED_VARIABLE = YES;
				IPHONEOS_DEPLOYMENT_TARGET = 17.0;
				LOCALIZATION_PREFERS_STRING_CATALOGS = YES;
				MTL_ENABLE_DEBUG_INFO = INCLUDE_SOURCE;
				MTL_FAST_MATH = YES;
				ONLY_ACTIVE_ARCH = YES;
				SDKROOT = iphoneos;
				SWIFT_ACTIVE_COMPILATION_CONDITIONS = "DEBUG $(inherited)";
				SWIFT_OPTIMIZATION_LEVEL = "-Onone";
				VERSIONING_SYSTEM = "apple-generic";
				VERSION_INFO_PREFIX = "";
			};
			name = Debug;
		};
		FADAE50B2D426FCD0020AF3F /* Release */ = {
			isa = XCBuildConfiguration;
			buildSettings = {
				ALWAYS_SEARCH_USER_PATHS = NO;
				ASSETCATALOG_COMPILER_GENERATE_SWIFT_ASSET_SYMBOL_EXTENSIONS = YES;
				CLANG_ANALYZER_NONNULL = YES;
				CLANG_ANALYZER_NUMBER_OBJECT_CONVERSION = YES_AGGRESSIVE;
				CLANG_CXX_LANGUAGE_STANDARD = "gnu++20";
				CLANG_ENABLE_MODULES = YES;
				CLANG_ENABLE_OBJC_ARC = YES;
				CLANG_ENABLE_OBJC_WEAK = YES;
				CLANG_WARN_BLOCK_CAPTURE_AUTORELEASING = YES;
				CLANG_WARN_BOOL_CONVERSION = YES;
				CLANG_WARN_COMMA = YES;
				CLANG_WARN_CONSTANT_CONVERSION = YES;
				CLANG_WARN_DEPRECATED_OBJC_IMPLEMENTATIONS = YES;
				CLANG_WARN_DIRECT_OBJC_ISA_USAGE = YES_ERROR;
				CLANG_WARN_DOCUMENTATION_COMMENTS = YES;
				CLANG_WARN_EMPTY_BODY = YES;
				CLANG_WARN_ENUM_CONVERSION = YES;
				CLANG_WARN_INFINITE_RECURSION = YES;
				CLANG_WARN_INT_CONVERSION = YES;
				CLANG_WARN_NON_LITERAL_NULL_CONVERSION = YES;
				CLANG_WARN_OBJC_IMPLICIT_RETAIN_SELF = YES;
				CLANG_WARN_OBJC_LITERAL_CONVERSION = YES;
				CLANG_WARN_OBJC_ROOT_CLASS = YES_ERROR;
				CLANG_WARN_QUOTED_INCLUDE_IN_FRAMEWORK_HEADER = YES;
				CLANG_WARN_RANGE_LOOP_ANALYSIS = YES;
				CLANG_WARN_STRICT_PROTOTYPES = YES;
				CLANG_WARN_SUSPICIOUS_MOVE = YES;
				CLANG_WARN_UNGUARDED_AVAILABILITY = YES_AGGRESSIVE;
				CLANG_WARN_UNREACHABLE_CODE = YES;
				CLANG_WARN__DUPLICATE_METHOD_MATCH = YES;
				COPY_PHASE_STRIP = NO;
				CURRENT_PROJECT_VERSION = 1;
				DEBUG_INFORMATION_FORMAT = "dwarf-with-dsym";
				ENABLE_NS_ASSERTIONS = NO;
				ENABLE_STRICT_OBJC_MSGSEND = YES;
				ENABLE_USER_SCRIPT_SANDBOXING = YES;
				GCC_C_LANGUAGE_STANDARD = gnu17;
				GCC_NO_COMMON_BLOCKS = YES;
				GCC_WARN_64_TO_32_BIT_CONVERSION = YES;
				GCC_WARN_ABOUT_RETURN_TYPE = YES_ERROR;
				GCC_WARN_UNDECLARED_SELECTOR = YES;
				GCC_WARN_UNINITIALIZED_AUTOS = YES_AGGRESSIVE;
				GCC_WARN_UNUSED_FUNCTION = YES;
				GCC_WARN_UNUSED_VARIABLE = YES;
				IPHONEOS_DEPLOYMENT_TARGET = 17.0;
				LOCALIZATION_PREFERS_STRING_CATALOGS = YES;
				MTL_ENABLE_DEBUG_INFO = NO;
				MTL_FAST_MATH = YES;
				SDKROOT = iphoneos;
				SWIFT_COMPILATION_MODE = wholemodule;
				VALIDATE_PRODUCT = YES;
				VERSIONING_SYSTEM = "apple-generic";
				VERSION_INFO_PREFIX = "";
			};
			name = Release;
		};
		FADAE50D2D426FCD0020AF3F /* Debug */ = {
			isa = XCBuildConfiguration;
			buildSettings = {
				CODE_SIGN_STYLE = Automatic;
				CURRENT_PROJECT_VERSION = 1;
				DEFINES_MODULE = YES;
				DEVELOPMENT_TEAM = A5Y9WBD7WV;
				DYLIB_COMPATIBILITY_VERSION = 1;
				DYLIB_CURRENT_VERSION = 1;
				DYLIB_INSTALL_NAME_BASE = "@rpath";
				ENABLE_MODULE_VERIFIER = YES;
				GENERATE_INFOPLIST_FILE = YES;
				INFOPLIST_KEY_NSHumanReadableCopyright = "";
				INSTALL_PATH = "$(LOCAL_LIBRARY_DIR)/Frameworks";
				LD_RUNPATH_SEARCH_PATHS = (
					"$(inherited)",
					"@executable_path/Frameworks",
					"@loader_path/Frameworks",
				);
				MARKETING_VERSION = 1.0;
				MODULE_VERIFIER_SUPPORTED_LANGUAGES = "objective-c objective-c++";
				MODULE_VERIFIER_SUPPORTED_LANGUAGE_STANDARDS = "gnu17 gnu++20";
				PRODUCT_BUNDLE_IDENTIFIER = com.banu.CommonModule;
				PRODUCT_NAME = "$(TARGET_NAME:c99extidentifier)";
				SKIP_INSTALL = YES;
				SWIFT_EMIT_LOC_STRINGS = YES;
				SWIFT_VERSION = 5.0;
				TARGETED_DEVICE_FAMILY = "1,2";
			};
			name = Debug;
		};
		FADAE50E2D426FCD0020AF3F /* Release */ = {
			isa = XCBuildConfiguration;
			buildSettings = {
				CODE_SIGN_STYLE = Automatic;
				CURRENT_PROJECT_VERSION = 1;
				DEFINES_MODULE = YES;
				DEVELOPMENT_TEAM = A5Y9WBD7WV;
				DYLIB_COMPATIBILITY_VERSION = 1;
				DYLIB_CURRENT_VERSION = 1;
				DYLIB_INSTALL_NAME_BASE = "@rpath";
				ENABLE_MODULE_VERIFIER = YES;
				GENERATE_INFOPLIST_FILE = YES;
				INFOPLIST_KEY_NSHumanReadableCopyright = "";
				INSTALL_PATH = "$(LOCAL_LIBRARY_DIR)/Frameworks";
				LD_RUNPATH_SEARCH_PATHS = (
					"$(inherited)",
					"@executable_path/Frameworks",
					"@loader_path/Frameworks",
				);
				MARKETING_VERSION = 1.0;
				MODULE_VERIFIER_SUPPORTED_LANGUAGES = "objective-c objective-c++";
				MODULE_VERIFIER_SUPPORTED_LANGUAGE_STANDARDS = "gnu17 gnu++20";
				PRODUCT_BUNDLE_IDENTIFIER = com.banu.CommonModule;
				PRODUCT_NAME = "$(TARGET_NAME:c99extidentifier)";
				SKIP_INSTALL = YES;
				SWIFT_EMIT_LOC_STRINGS = YES;
				SWIFT_VERSION = 5.0;
				TARGETED_DEVICE_FAMILY = "1,2";
			};
			name = Release;
		};
		FADAE5102D426FCD0020AF3F /* Debug */ = {
			isa = XCBuildConfiguration;
			buildSettings = {
				ALWAYS_EMBED_SWIFT_STANDARD_LIBRARIES = YES;
				CODE_SIGN_STYLE = Automatic;
				CURRENT_PROJECT_VERSION = 1;
				DEVELOPMENT_TEAM = A5Y9WBD7WV;
				GENERATE_INFOPLIST_FILE = YES;
				MARKETING_VERSION = 1.0;
				PRODUCT_BUNDLE_IDENTIFIER = com.banu.CommonModuleTests;
				PRODUCT_NAME = "$(TARGET_NAME)";
				SWIFT_EMIT_LOC_STRINGS = NO;
				SWIFT_VERSION = 5.0;
				TARGETED_DEVICE_FAMILY = "1,2";
			};
			name = Debug;
		};
		FADAE5112D426FCD0020AF3F /* Release */ = {
			isa = XCBuildConfiguration;
			buildSettings = {
				ALWAYS_EMBED_SWIFT_STANDARD_LIBRARIES = YES;
				CODE_SIGN_STYLE = Automatic;
				CURRENT_PROJECT_VERSION = 1;
				DEVELOPMENT_TEAM = A5Y9WBD7WV;
				GENERATE_INFOPLIST_FILE = YES;
				MARKETING_VERSION = 1.0;
				PRODUCT_BUNDLE_IDENTIFIER = com.banu.CommonModuleTests;
				PRODUCT_NAME = "$(TARGET_NAME)";
				SWIFT_EMIT_LOC_STRINGS = NO;
				SWIFT_VERSION = 5.0;
				TARGETED_DEVICE_FAMILY = "1,2";
			};
			name = Release;
		};
/* End XCBuildConfiguration section */

/* Begin XCConfigurationList section */
		FADAE4F22D426FCD0020AF3F /* Build configuration list for PBXProject "CommonModule" */ = {
			isa = XCConfigurationList;
			buildConfigurations = (
				FADAE50A2D426FCD0020AF3F /* Debug */,
				FADAE50B2D426FCD0020AF3F /* Release */,
			);
			defaultConfigurationIsVisible = 0;
			defaultConfigurationName = Release;
		};
		FADAE50C2D426FCD0020AF3F /* Build configuration list for PBXNativeTarget "CommonModule" */ = {
			isa = XCConfigurationList;
			buildConfigurations = (
				FADAE50D2D426FCD0020AF3F /* Debug */,
				FADAE50E2D426FCD0020AF3F /* Release */,
			);
			defaultConfigurationIsVisible = 0;
			defaultConfigurationName = Release;
		};
		FADAE50F2D426FCD0020AF3F /* Build configuration list for PBXNativeTarget "CommonModuleTests" */ = {
			isa = XCConfigurationList;
			buildConfigurations = (
				FADAE5102D426FCD0020AF3F /* Debug */,
				FADAE5112D426FCD0020AF3F /* Release */,
			);
			defaultConfigurationIsVisible = 0;
			defaultConfigurationName = Release;
		};
/* End XCConfigurationList section */
	};
	rootObject = FADAE4EF2D426FCD0020AF3F /* Project object */;
}
