// !$*UTF8*$!
{
	archiveVersion = 1;
	classes = {
	};
	objectVersion = 56;
	objects = {

/* Begin PBXBuildFile section */
		FA22AA032C9F73E400F6B169 /* FirebaseAnalyticsWithoutAdIdSupport in Frameworks */ = {isa = PBXBuildFile; productRef = FA22AA022C9F73E400F6B169 /* FirebaseAnalyticsWithoutAdIdSupport */; };
		FA22AA052C9F73E400F6B169 /* FirebaseFirestore in Frameworks */ = {isa = PBXBuildFile; productRef = FA22AA042C9F73E400F6B169 /* FirebaseFirestore */; };
		FA22AA072C9F73E400F6B169 /* FirebaseStorage in Frameworks */ = {isa = PBXBuildFile; productRef = FA22AA062C9F73E400F6B169 /* FirebaseStorage */; };
		FA22AA092C9F751E00F6B169 /* GoogleService-Info.plist in Resources */ = {isa = PBXBuildFile; fileRef = FA22AA082C9F751E00F6B169 /* GoogleService-Info.plist */; };
		FA22AA0C2CA446BC00F6B169 /* Foods.swift in Sources */ = {isa = PBXBuildFile; fileRef = FA22AA0B2CA446BC00F6B169 /* Foods.swift */; };
		FA22AA102CA748CC00F6B169 /* EnjoyYourMealCell.swift in Sources */ = {isa = PBXBuildFile; fileRef = FA22AA0E2CA748CC00F6B169 /* EnjoyYourMealCell.swift */; };
		FA22AA112CA748CC00F6B169 /* EnjoyYourMealCell.xib in Resources */ = {isa = PBXBuildFile; fileRef = FA22AA0F2CA748CC00F6B169 /* EnjoyYourMealCell.xib */; };
		FA22AA132CAAD7F100F6B169 /* NotificationCenter+Extension.swift in Sources */ = {isa = PBXBuildFile; fileRef = FA22AA122CAAD7F100F6B169 /* NotificationCenter+Extension.swift */; };
		FA22AA172CAADD9300F6B169 /* ViewMoreCell.swift in Sources */ = {isa = PBXBuildFile; fileRef = FA22AA152CAADD9300F6B169 /* ViewMoreCell.swift */; };
		FA22AA182CAADD9300F6B169 /* ViewMoreCell.xib in Resources */ = {isa = PBXBuildFile; fileRef = FA22AA162CAADD9300F6B169 /* ViewMoreCell.xib */; };
		FA22AA1A2CABC95F00F6B169 /* ViewMoreCellViewModel.swift in Sources */ = {isa = PBXBuildFile; fileRef = FA22AA192CABC95F00F6B169 /* ViewMoreCellViewModel.swift */; };
		FA22AA1C2CAD5D9400F6B169 /* Assets.xcassets in Resources */ = {isa = PBXBuildFile; fileRef = FA22AA1B2CAD5D9400F6B169 /* Assets.xcassets */; };
		FA22AA1F2CAD95A700F6B169 /* SDWebImage in Frameworks */ = {isa = PBXBuildFile; productRef = FA22AA1E2CAD95A700F6B169 /* SDWebImage */; };
		FA22AA212CAD95A700F6B169 /* SDWebImageMapKit in Frameworks */ = {isa = PBXBuildFile; productRef = FA22AA202CAD95A700F6B169 /* SDWebImageMapKit */; };
		FA22AA3C2CB4200200F6B169 /* EnjoyYourMealHeaderView.swift in Sources */ = {isa = PBXBuildFile; fileRef = FA22AA3A2CB4200200F6B169 /* EnjoyYourMealHeaderView.swift */; };
		FA22AA3D2CB4200200F6B169 /* EnjoyYourMealHeaderView.xib in Resources */ = {isa = PBXBuildFile; fileRef = FA22AA3B2CB4200200F6B169 /* EnjoyYourMealHeaderView.xib */; };
		FA22AA412CB9253000F6B169 /* FoodDetailPageViewController.swift in Sources */ = {isa = PBXBuildFile; fileRef = FA22AA402CB9253000F6B169 /* FoodDetailPageViewController.swift */; };
		FA22AA432CB9255E00F6B169 /* FoodDetailPageViewModel.swift in Sources */ = {isa = PBXBuildFile; fileRef = FA22AA422CB9255E00F6B169 /* FoodDetailPageViewModel.swift */; };
		FA22AA4B2CB99E4A00F6B169 /* IngredientsCell.swift in Sources */ = {isa = PBXBuildFile; fileRef = FA22AA492CB99E4A00F6B169 /* IngredientsCell.swift */; };
		FA22AA4C2CB99E4A00F6B169 /* IngredientsCell.xib in Resources */ = {isa = PBXBuildFile; fileRef = FA22AA4A2CB99E4A00F6B169 /* IngredientsCell.xib */; };
		FA22AA552CBBFF2900F6B169 /* RecipeCell.swift in Sources */ = {isa = PBXBuildFile; fileRef = FA22AA532CBBFF2900F6B169 /* RecipeCell.swift */; };
		FA22AA562CBBFF2900F6B169 /* RecipeCell.xib in Resources */ = {isa = PBXBuildFile; fileRef = FA22AA542CBBFF2900F6B169 /* RecipeCell.xib */; };
		FAAC8CF92C9456B000264E4B /* AppDelegate.swift in Sources */ = {isa = PBXBuildFile; fileRef = FAAC8CF82C9456B000264E4B /* AppDelegate.swift */; };
		FAAC8CFB2C9456B000264E4B /* SceneDelegate.swift in Sources */ = {isa = PBXBuildFile; fileRef = FAAC8CFA2C9456B000264E4B /* SceneDelegate.swift */; };
		FAAC8CFD2C9456B000264E4B /* HomeViewController.swift in Sources */ = {isa = PBXBuildFile; fileRef = FAAC8CFC2C9456B000264E4B /* HomeViewController.swift */; };
		FAAC8D002C9456B000264E4B /* Main.storyboard in Resources */ = {isa = PBXBuildFile; fileRef = FAAC8CFE2C9456B000264E4B /* Main.storyboard */; };
		FAAC8D052C9456B200264E4B /* LaunchScreen.storyboard in Resources */ = {isa = PBXBuildFile; fileRef = FAAC8D032C9456B200264E4B /* LaunchScreen.storyboard */; };
		FAAC8D102C9456B200264E4B /* BeybiTests.swift in Sources */ = {isa = PBXBuildFile; fileRef = FAAC8D0F2C9456B200264E4B /* BeybiTests.swift */; };
		FAAC8D1A2C9456B200264E4B /* BeybiUITests.swift in Sources */ = {isa = PBXBuildFile; fileRef = FAAC8D192C9456B200264E4B /* BeybiUITests.swift */; };
		FAAC8D1C2C9456B200264E4B /* BeybiUITestsLaunchTests.swift in Sources */ = {isa = PBXBuildFile; fileRef = FAAC8D1B2C9456B200264E4B /* BeybiUITestsLaunchTests.swift */; };
		FAAC8D2A2C95C50F00264E4B /* AllFoodsPageViewController.swift in Sources */ = {isa = PBXBuildFile; fileRef = FAAC8D292C95C50F00264E4B /* AllFoodsPageViewController.swift */; };
		FAAC8D2C2C95C53000264E4B /* AllFoodsPageViewModel.swift in Sources */ = {isa = PBXBuildFile; fileRef = FAAC8D2B2C95C53000264E4B /* AllFoodsPageViewModel.swift */; };
		FAAC8D2F2C95C94500264E4B /* HomeViewModel.swift in Sources */ = {isa = PBXBuildFile; fileRef = FAAC8D2E2C95C94500264E4B /* HomeViewModel.swift */; };
		FAAC8D322C95CC1800264E4B /* UICollectionViewCell+Extension.swift in Sources */ = {isa = PBXBuildFile; fileRef = FAAC8D312C95CC1800264E4B /* UICollectionViewCell+Extension.swift */; };
		FAAC8D342C95CC4200264E4B /* UICollectionView+Extension.swift in Sources */ = {isa = PBXBuildFile; fileRef = FAAC8D332C95CC4200264E4B /* UICollectionView+Extension.swift */; };
		FAAC8D372C95CE1100264E4B /* FoodSliderCellViewModel.swift in Sources */ = {isa = PBXBuildFile; fileRef = FAAC8D362C95CE1100264E4B /* FoodSliderCellViewModel.swift */; };
		FAAC8D3A2C95CF1100264E4B /* FoodSliderCellController.swift in Sources */ = {isa = PBXBuildFile; fileRef = FAAC8D382C95CF1100264E4B /* FoodSliderCellController.swift */; };
		FAAC8D3B2C95CF1100264E4B /* FoodSliderCellController.xib in Resources */ = {isa = PBXBuildFile; fileRef = FAAC8D392C95CF1100264E4B /* FoodSliderCellController.xib */; };
		FAAC8D3E2C96F81E00264E4B /* FoodSliderMiniCell.swift in Sources */ = {isa = PBXBuildFile; fileRef = FAAC8D3C2C96F81E00264E4B /* FoodSliderMiniCell.swift */; };
		FAAC8D3F2C96F81E00264E4B /* FoodSliderMiniCell.xib in Resources */ = {isa = PBXBuildFile; fileRef = FAAC8D3D2C96F81E00264E4B /* FoodSliderMiniCell.xib */; };
		FAAC8D422C97393B00264E4B /* BabiesAgeCell.swift in Sources */ = {isa = PBXBuildFile; fileRef = FAAC8D402C97393B00264E4B /* BabiesAgeCell.swift */; };
		FAAC8D432C97393B00264E4B /* BabiesAgeCell.xib in Resources */ = {isa = PBXBuildFile; fileRef = FAAC8D412C97393B00264E4B /* BabiesAgeCell.xib */; };
		FAAC8D462C973ADC00264E4B /* DailyMenuCell.swift in Sources */ = {isa = PBXBuildFile; fileRef = FAAC8D442C973ADC00264E4B /* DailyMenuCell.swift */; };
		FAAC8D472C973ADC00264E4B /* DailyMenuCell.xib in Resources */ = {isa = PBXBuildFile; fileRef = FAAC8D452C973ADC00264E4B /* DailyMenuCell.xib */; };
		FAAC8D4A2C97689D00264E4B /* FoodCell.swift in Sources */ = {isa = PBXBuildFile; fileRef = FAAC8D482C97689D00264E4B /* FoodCell.swift */; };
		FAAC8D4B2C97689D00264E4B /* FoodCell.xib in Resources */ = {isa = PBXBuildFile; fileRef = FAAC8D492C97689D00264E4B /* FoodCell.xib */; };
		FAAC8D522C9AC89C00264E4B /* BabiesFavCell.swift in Sources */ = {isa = PBXBuildFile; fileRef = FAAC8D502C9AC89C00264E4B /* BabiesFavCell.swift */; };
		FAAC8D532C9AC89C00264E4B /* BabiesFavCell.xib in Resources */ = {isa = PBXBuildFile; fileRef = FAAC8D512C9AC89C00264E4B /* BabiesFavCell.xib */; };
		FAAC8D562C9ACBAA00264E4B /* BabiesFavMiniCell.swift in Sources */ = {isa = PBXBuildFile; fileRef = FAAC8D542C9ACBAA00264E4B /* BabiesFavMiniCell.swift */; };
		FAAC8D572C9ACBAA00264E4B /* BabiesFavMiniCell.xib in Resources */ = {isa = PBXBuildFile; fileRef = FAAC8D552C9ACBAA00264E4B /* BabiesFavMiniCell.xib */; };
		FAAC8D592C9C2C5000264E4B /* ViewMoreViewController.swift in Sources */ = {isa = PBXBuildFile; fileRef = FAAC8D582C9C2C5000264E4B /* ViewMoreViewController.swift */; };
		FAAC8D5C2C9C552700264E4B /* ViewMoreViewModel.swift in Sources */ = {isa = PBXBuildFile; fileRef = FAAC8D5B2C9C552700264E4B /* ViewMoreViewModel.swift */; };
		FAAC8D5F2C9C650200264E4B /* BabiesAgeCellViewModel.swift in Sources */ = {isa = PBXBuildFile; fileRef = FAAC8D5E2C9C650200264E4B /* BabiesAgeCellViewModel.swift */; };
		FAAC8D622C9C654F00264E4B /* BabiesFavCellViewModel.swift in Sources */ = {isa = PBXBuildFile; fileRef = FAAC8D612C9C654F00264E4B /* BabiesFavCellViewModel.swift */; };
		FAAC8D652C9C685A00264E4B /* DailyMenuCellViewModel.swift in Sources */ = {isa = PBXBuildFile; fileRef = FAAC8D642C9C685A00264E4B /* DailyMenuCellViewModel.swift */; };
		FAAC8D682C9C6A0C00264E4B /* FoodCellViewModel.swift in Sources */ = {isa = PBXBuildFile; fileRef = FAAC8D672C9C6A0C00264E4B /* FoodCellViewModel.swift */; };
		FAAC8D6B2C9C76B700264E4B /* BabiesFavMiniCellViewModel.swift in Sources */ = {isa = PBXBuildFile; fileRef = FAAC8D6A2C9C76B700264E4B /* BabiesFavMiniCellViewModel.swift */; };
		FAAC8D6F2C9C79B700264E4B /* FoodSliderMiniCellViewModel.swift in Sources */ = {isa = PBXBuildFile; fileRef = FAAC8D6E2C9C79B700264E4B /* FoodSliderMiniCellViewModel.swift */; };
/* End PBXBuildFile section */

/* Begin PBXContainerItemProxy section */
		FAAC8D0C2C9456B200264E4B /* PBXContainerItemProxy */ = {
			isa = PBXContainerItemProxy;
			containerPortal = FAAC8CED2C9456B000264E4B /* Project object */;
			proxyType = 1;
			remoteGlobalIDString = FAAC8CF42C9456B000264E4B;
			remoteInfo = Beybi;
		};
		FAAC8D162C9456B200264E4B /* PBXContainerItemProxy */ = {
			isa = PBXContainerItemProxy;
			containerPortal = FAAC8CED2C9456B000264E4B /* Project object */;
			proxyType = 1;
			remoteGlobalIDString = FAAC8CF42C9456B000264E4B;
			remoteInfo = Beybi;
		};
/* End PBXContainerItemProxy section */

/* Begin PBXFileReference section */
		FA22AA082C9F751E00F6B169 /* GoogleService-Info.plist */ = {isa = PBXFileReference; fileEncoding = 4; lastKnownFileType = text.plist.xml; path = "GoogleService-Info.plist"; sourceTree = "<group>"; };
		FA22AA0B2CA446BC00F6B169 /* Foods.swift */ = {isa = PBXFileReference; lastKnownFileType = sourcecode.swift; path = Foods.swift; sourceTree = "<group>"; };
		FA22AA0E2CA748CC00F6B169 /* EnjoyYourMealCell.swift */ = {isa = PBXFileReference; lastKnownFileType = sourcecode.swift; path = EnjoyYourMealCell.swift; sourceTree = "<group>"; };
		FA22AA0F2CA748CC00F6B169 /* EnjoyYourMealCell.xib */ = {isa = PBXFileReference; lastKnownFileType = file.xib; path = EnjoyYourMealCell.xib; sourceTree = "<group>"; };
		FA22AA122CAAD7F100F6B169 /* NotificationCenter+Extension.swift */ = {isa = PBXFileReference; lastKnownFileType = sourcecode.swift; path = "NotificationCenter+Extension.swift"; sourceTree = "<group>"; };
		FA22AA152CAADD9300F6B169 /* ViewMoreCell.swift */ = {isa = PBXFileReference; lastKnownFileType = sourcecode.swift; path = ViewMoreCell.swift; sourceTree = "<group>"; };
		FA22AA162CAADD9300F6B169 /* ViewMoreCell.xib */ = {isa = PBXFileReference; lastKnownFileType = file.xib; path = ViewMoreCell.xib; sourceTree = "<group>"; };
		FA22AA192CABC95F00F6B169 /* ViewMoreCellViewModel.swift */ = {isa = PBXFileReference; lastKnownFileType = sourcecode.swift; path = ViewMoreCellViewModel.swift; sourceTree = "<group>"; };
		FA22AA1B2CAD5D9400F6B169 /* Assets.xcassets */ = {isa = PBXFileReference; lastKnownFileType = folder.assetcatalog; path = Assets.xcassets; sourceTree = "<group>"; };
		FA22AA3A2CB4200200F6B169 /* EnjoyYourMealHeaderView.swift */ = {isa = PBXFileReference; lastKnownFileType = sourcecode.swift; path = EnjoyYourMealHeaderView.swift; sourceTree = "<group>"; };
		FA22AA3B2CB4200200F6B169 /* EnjoyYourMealHeaderView.xib */ = {isa = PBXFileReference; lastKnownFileType = file.xib; path = EnjoyYourMealHeaderView.xib; sourceTree = "<group>"; };
		FA22AA402CB9253000F6B169 /* FoodDetailPageViewController.swift */ = {isa = PBXFileReference; lastKnownFileType = sourcecode.swift; path = FoodDetailPageViewController.swift; sourceTree = "<group>"; };
		FA22AA422CB9255E00F6B169 /* FoodDetailPageViewModel.swift */ = {isa = PBXFileReference; lastKnownFileType = sourcecode.swift; path = FoodDetailPageViewModel.swift; sourceTree = "<group>"; };
		FA22AA492CB99E4A00F6B169 /* IngredientsCell.swift */ = {isa = PBXFileReference; lastKnownFileType = sourcecode.swift; path = IngredientsCell.swift; sourceTree = "<group>"; };
		FA22AA4A2CB99E4A00F6B169 /* IngredientsCell.xib */ = {isa = PBXFileReference; lastKnownFileType = file.xib; path = IngredientsCell.xib; sourceTree = "<group>"; };
		FA22AA532CBBFF2900F6B169 /* RecipeCell.swift */ = {isa = PBXFileReference; lastKnownFileType = sourcecode.swift; path = RecipeCell.swift; sourceTree = "<group>"; };
		FA22AA542CBBFF2900F6B169 /* RecipeCell.xib */ = {isa = PBXFileReference; lastKnownFileType = file.xib; path = RecipeCell.xib; sourceTree = "<group>"; };
		FAAC8CF52C9456B000264E4B /* Beybi.app */ = {isa = PBXFileReference; explicitFileType = wrapper.application; includeInIndex = 0; path = Beybi.app; sourceTree = BUILT_PRODUCTS_DIR; };
		FAAC8CF82C9456B000264E4B /* AppDelegate.swift */ = {isa = PBXFileReference; lastKnownFileType = sourcecode.swift; path = AppDelegate.swift; sourceTree = "<group>"; };
		FAAC8CFA2C9456B000264E4B /* SceneDelegate.swift */ = {isa = PBXFileReference; lastKnownFileType = sourcecode.swift; path = SceneDelegate.swift; sourceTree = "<group>"; };
		FAAC8CFC2C9456B000264E4B /* HomeViewController.swift */ = {isa = PBXFileReference; lastKnownFileType = sourcecode.swift; path = HomeViewController.swift; sourceTree = "<group>"; };
		FAAC8CFF2C9456B000264E4B /* Base */ = {isa = PBXFileReference; lastKnownFileType = file.storyboard; name = Base; path = Base.lproj/Main.storyboard; sourceTree = "<group>"; };
		FAAC8D042C9456B200264E4B /* Base */ = {isa = PBXFileReference; lastKnownFileType = file.storyboard; name = Base; path = Base.lproj/LaunchScreen.storyboard; sourceTree = "<group>"; };
		FAAC8D062C9456B200264E4B /* Info.plist */ = {isa = PBXFileReference; lastKnownFileType = text.plist.xml; path = Info.plist; sourceTree = "<group>"; };
		FAAC8D0B2C9456B200264E4B /* BeybiTests.xctest */ = {isa = PBXFileReference; explicitFileType = wrapper.cfbundle; includeInIndex = 0; path = BeybiTests.xctest; sourceTree = BUILT_PRODUCTS_DIR; };
		FAAC8D0F2C9456B200264E4B /* BeybiTests.swift */ = {isa = PBXFileReference; lastKnownFileType = sourcecode.swift; path = BeybiTests.swift; sourceTree = "<group>"; };
		FAAC8D152C9456B200264E4B /* BeybiUITests.xctest */ = {isa = PBXFileReference; explicitFileType = wrapper.cfbundle; includeInIndex = 0; path = BeybiUITests.xctest; sourceTree = BUILT_PRODUCTS_DIR; };
		FAAC8D192C9456B200264E4B /* BeybiUITests.swift */ = {isa = PBXFileReference; lastKnownFileType = sourcecode.swift; path = BeybiUITests.swift; sourceTree = "<group>"; };
		FAAC8D1B2C9456B200264E4B /* BeybiUITestsLaunchTests.swift */ = {isa = PBXFileReference; lastKnownFileType = sourcecode.swift; path = BeybiUITestsLaunchTests.swift; sourceTree = "<group>"; };
		FAAC8D292C95C50F00264E4B /* AllFoodsPageViewController.swift */ = {isa = PBXFileReference; lastKnownFileType = sourcecode.swift; path = AllFoodsPageViewController.swift; sourceTree = "<group>"; };
		FAAC8D2B2C95C53000264E4B /* AllFoodsPageViewModel.swift */ = {isa = PBXFileReference; lastKnownFileType = sourcecode.swift; path = AllFoodsPageViewModel.swift; sourceTree = "<group>"; };
		FAAC8D2E2C95C94500264E4B /* HomeViewModel.swift */ = {isa = PBXFileReference; lastKnownFileType = sourcecode.swift; path = HomeViewModel.swift; sourceTree = "<group>"; };
		FAAC8D312C95CC1800264E4B /* UICollectionViewCell+Extension.swift */ = {isa = PBXFileReference; lastKnownFileType = sourcecode.swift; path = "UICollectionViewCell+Extension.swift"; sourceTree = "<group>"; };
		FAAC8D332C95CC4200264E4B /* UICollectionView+Extension.swift */ = {isa = PBXFileReference; lastKnownFileType = sourcecode.swift; path = "UICollectionView+Extension.swift"; sourceTree = "<group>"; };
		FAAC8D362C95CE1100264E4B /* FoodSliderCellViewModel.swift */ = {isa = PBXFileReference; lastKnownFileType = sourcecode.swift; path = FoodSliderCellViewModel.swift; sourceTree = "<group>"; };
		FAAC8D382C95CF1100264E4B /* FoodSliderCellController.swift */ = {isa = PBXFileReference; lastKnownFileType = sourcecode.swift; path = FoodSliderCellController.swift; sourceTree = "<group>"; };
		FAAC8D392C95CF1100264E4B /* FoodSliderCellController.xib */ = {isa = PBXFileReference; lastKnownFileType = file.xib; path = FoodSliderCellController.xib; sourceTree = "<group>"; };
		FAAC8D3C2C96F81E00264E4B /* FoodSliderMiniCell.swift */ = {isa = PBXFileReference; lastKnownFileType = sourcecode.swift; path = FoodSliderMiniCell.swift; sourceTree = "<group>"; };
		FAAC8D3D2C96F81E00264E4B /* FoodSliderMiniCell.xib */ = {isa = PBXFileReference; lastKnownFileType = file.xib; path = FoodSliderMiniCell.xib; sourceTree = "<group>"; };
		FAAC8D402C97393B00264E4B /* BabiesAgeCell.swift */ = {isa = PBXFileReference; lastKnownFileType = sourcecode.swift; path = BabiesAgeCell.swift; sourceTree = "<group>"; };
		FAAC8D412C97393B00264E4B /* BabiesAgeCell.xib */ = {isa = PBXFileReference; lastKnownFileType = file.xib; path = BabiesAgeCell.xib; sourceTree = "<group>"; };
		FAAC8D442C973ADC00264E4B /* DailyMenuCell.swift */ = {isa = PBXFileReference; lastKnownFileType = sourcecode.swift; path = DailyMenuCell.swift; sourceTree = "<group>"; };
		FAAC8D452C973ADC00264E4B /* DailyMenuCell.xib */ = {isa = PBXFileReference; lastKnownFileType = file.xib; path = DailyMenuCell.xib; sourceTree = "<group>"; };
		FAAC8D482C97689D00264E4B /* FoodCell.swift */ = {isa = PBXFileReference; lastKnownFileType = sourcecode.swift; path = FoodCell.swift; sourceTree = "<group>"; };
		FAAC8D492C97689D00264E4B /* FoodCell.xib */ = {isa = PBXFileReference; lastKnownFileType = file.xib; path = FoodCell.xib; sourceTree = "<group>"; };
		FAAC8D502C9AC89C00264E4B /* BabiesFavCell.swift */ = {isa = PBXFileReference; lastKnownFileType = sourcecode.swift; path = BabiesFavCell.swift; sourceTree = "<group>"; };
		FAAC8D512C9AC89C00264E4B /* BabiesFavCell.xib */ = {isa = PBXFileReference; lastKnownFileType = file.xib; path = BabiesFavCell.xib; sourceTree = "<group>"; };
		FAAC8D542C9ACBAA00264E4B /* BabiesFavMiniCell.swift */ = {isa = PBXFileReference; lastKnownFileType = sourcecode.swift; path = BabiesFavMiniCell.swift; sourceTree = "<group>"; };
		FAAC8D552C9ACBAA00264E4B /* BabiesFavMiniCell.xib */ = {isa = PBXFileReference; lastKnownFileType = file.xib; path = BabiesFavMiniCell.xib; sourceTree = "<group>"; };
		FAAC8D582C9C2C5000264E4B /* ViewMoreViewController.swift */ = {isa = PBXFileReference; lastKnownFileType = sourcecode.swift; path = ViewMoreViewController.swift; sourceTree = "<group>"; };
		FAAC8D5B2C9C552700264E4B /* ViewMoreViewModel.swift */ = {isa = PBXFileReference; lastKnownFileType = sourcecode.swift; path = ViewMoreViewModel.swift; sourceTree = "<group>"; };
		FAAC8D5E2C9C650200264E4B /* BabiesAgeCellViewModel.swift */ = {isa = PBXFileReference; lastKnownFileType = sourcecode.swift; path = BabiesAgeCellViewModel.swift; sourceTree = "<group>"; };
		FAAC8D612C9C654F00264E4B /* BabiesFavCellViewModel.swift */ = {isa = PBXFileReference; lastKnownFileType = sourcecode.swift; path = BabiesFavCellViewModel.swift; sourceTree = "<group>"; };
		FAAC8D642C9C685A00264E4B /* DailyMenuCellViewModel.swift */ = {isa = PBXFileReference; lastKnownFileType = sourcecode.swift; path = DailyMenuCellViewModel.swift; sourceTree = "<group>"; };
		FAAC8D672C9C6A0C00264E4B /* FoodCellViewModel.swift */ = {isa = PBXFileReference; lastKnownFileType = sourcecode.swift; path = FoodCellViewModel.swift; sourceTree = "<group>"; };
		FAAC8D6A2C9C76B700264E4B /* BabiesFavMiniCellViewModel.swift */ = {isa = PBXFileReference; lastKnownFileType = sourcecode.swift; path = BabiesFavMiniCellViewModel.swift; sourceTree = "<group>"; };
		FAAC8D6E2C9C79B700264E4B /* FoodSliderMiniCellViewModel.swift */ = {isa = PBXFileReference; lastKnownFileType = sourcecode.swift; path = FoodSliderMiniCellViewModel.swift; sourceTree = "<group>"; };
/* End PBXFileReference section */

/* Begin PBXFrameworksBuildPhase section */
		FAAC8CF22C9456B000264E4B /* Frameworks */ = {
			isa = PBXFrameworksBuildPhase;
			buildActionMask = 2147483647;
			files = (
				FA22AA032C9F73E400F6B169 /* FirebaseAnalyticsWithoutAdIdSupport in Frameworks */,
				FA22AA212CAD95A700F6B169 /* SDWebImageMapKit in Frameworks */,
				FA22AA052C9F73E400F6B169 /* FirebaseFirestore in Frameworks */,
				FA22AA1F2CAD95A700F6B169 /* SDWebImage in Frameworks */,
				FA22AA072C9F73E400F6B169 /* FirebaseStorage in Frameworks */,
			);
			runOnlyForDeploymentPostprocessing = 0;
		};
		FAAC8D082C9456B200264E4B /* Frameworks */ = {
			isa = PBXFrameworksBuildPhase;
			buildActionMask = 2147483647;
			files = (
			);
			runOnlyForDeploymentPostprocessing = 0;
		};
		FAAC8D122C9456B200264E4B /* Frameworks */ = {
			isa = PBXFrameworksBuildPhase;
			buildActionMask = 2147483647;
			files = (
			);
			runOnlyForDeploymentPostprocessing = 0;
		};
/* End PBXFrameworksBuildPhase section */

/* Begin PBXGroup section */
		FA22AA0A2CA446AD00F6B169 /* Foods */ = {
			isa = PBXGroup;
			children = (
				FA22AA0B2CA446BC00F6B169 /* Foods.swift */,
			);
			path = Foods;
			sourceTree = "<group>";
		};
		FA22AA0D2CA748A200F6B169 /* EnjoyYourMealCell */ = {
			isa = PBXGroup;
			children = (
				FA22AA0E2CA748CC00F6B169 /* EnjoyYourMealCell.swift */,
				FA22AA0F2CA748CC00F6B169 /* EnjoyYourMealCell.xib */,
			);
			path = EnjoyYourMealCell;
			sourceTree = "<group>";
		};
		FA22AA142CAADD6900F6B169 /* ViewMoreCell */ = {
			isa = PBXGroup;
			children = (
				FA22AA152CAADD9300F6B169 /* ViewMoreCell.swift */,
				FA22AA162CAADD9300F6B169 /* ViewMoreCell.xib */,
				FA22AA192CABC95F00F6B169 /* ViewMoreCellViewModel.swift */,
			);
			path = ViewMoreCell;
			sourceTree = "<group>";
		};
		FA22AA3E2CB4201000F6B169 /* EnjoyYourMealHeaderView */ = {
			isa = PBXGroup;
			children = (
				FA22AA3A2CB4200200F6B169 /* EnjoyYourMealHeaderView.swift */,
				FA22AA3B2CB4200200F6B169 /* EnjoyYourMealHeaderView.xib */,
			);
			path = EnjoyYourMealHeaderView;
			sourceTree = "<group>";
		};
		FA22AA3F2CB9247D00F6B169 /* FoodDetailPageView */ = {
			isa = PBXGroup;
			children = (
				FA22AA402CB9253000F6B169 /* FoodDetailPageViewController.swift */,
				FA22AA422CB9255E00F6B169 /* FoodDetailPageViewModel.swift */,
			);
			path = FoodDetailPageView;
			sourceTree = "<group>";
		};
		FA22AA442CB99B8900F6B169 /* IngredientsCell */ = {
			isa = PBXGroup;
			children = (
				FA22AA492CB99E4A00F6B169 /* IngredientsCell.swift */,
				FA22AA4A2CB99E4A00F6B169 /* IngredientsCell.xib */,
			);
			path = IngredientsCell;
			sourceTree = "<group>";
		};
		FA22AA522CBBFF1000F6B169 /* RecipeCell */ = {
			isa = PBXGroup;
			children = (
				FA22AA532CBBFF2900F6B169 /* RecipeCell.swift */,
				FA22AA542CBBFF2900F6B169 /* RecipeCell.xib */,
			);
			path = RecipeCell;
			sourceTree = "<group>";
		};
		FAAC8CEC2C9456B000264E4B = {
			isa = PBXGroup;
			children = (
				FAAC8CF72C9456B000264E4B /* Beybi */,
				FAAC8D0E2C9456B200264E4B /* BeybiTests */,
				FAAC8D182C9456B200264E4B /* BeybiUITests */,
				FAAC8CF62C9456B000264E4B /* Products */,
			);
			sourceTree = "<group>";
		};
		FAAC8CF62C9456B000264E4B /* Products */ = {
			isa = PBXGroup;
			children = (
				FAAC8CF52C9456B000264E4B /* Beybi.app */,
				FAAC8D0B2C9456B200264E4B /* BeybiTests.xctest */,
				FAAC8D152C9456B200264E4B /* BeybiUITests.xctest */,
			);
			name = Products;
			sourceTree = "<group>";
		};
		FAAC8CF72C9456B000264E4B /* Beybi */ = {
			isa = PBXGroup;
			children = (
				FA22AA0A2CA446AD00F6B169 /* Foods */,
				FAAC8D702C9C7B4900264E4B /* Screens */,
				FAAC8D712C9C7BB400264E4B /* Cells */,
				FAAC8D302C95CBEA00264E4B /* Extensions */,
				FAAC8CFA2C9456B000264E4B /* SceneDelegate.swift */,
				FAAC8CF82C9456B000264E4B /* AppDelegate.swift */,
				FAAC8CFE2C9456B000264E4B /* Main.storyboard */,
				FAAC8D032C9456B200264E4B /* LaunchScreen.storyboard */,
				FAAC8D062C9456B200264E4B /* Info.plist */,
				FA22AA082C9F751E00F6B169 /* GoogleService-Info.plist */,
				FA22AA1B2CAD5D9400F6B169 /* Assets.xcassets */,
			);
			path = Beybi;
			sourceTree = "<group>";
		};
		FAAC8D0E2C9456B200264E4B /* BeybiTests */ = {
			isa = PBXGroup;
			children = (
				FAAC8D0F2C9456B200264E4B /* BeybiTests.swift */,
			);
			path = BeybiTests;
			sourceTree = "<group>";
		};
		FAAC8D182C9456B200264E4B /* BeybiUITests */ = {
			isa = PBXGroup;
			children = (
				FAAC8D192C9456B200264E4B /* BeybiUITests.swift */,
				FAAC8D1B2C9456B200264E4B /* BeybiUITestsLaunchTests.swift */,
			);
			path = BeybiUITests;
			sourceTree = "<group>";
		};
		FAAC8D282C95C3C700264E4B /* AllFoodsPageView */ = {
			isa = PBXGroup;
			children = (
				FAAC8D292C95C50F00264E4B /* AllFoodsPageViewController.swift */,
				FAAC8D2B2C95C53000264E4B /* AllFoodsPageViewModel.swift */,
			);
			path = AllFoodsPageView;
			sourceTree = "<group>";
		};
		FAAC8D2D2C95C8EA00264E4B /* HomeView */ = {
			isa = PBXGroup;
			children = (
				FAAC8CFC2C9456B000264E4B /* HomeViewController.swift */,
				FAAC8D2E2C95C94500264E4B /* HomeViewModel.swift */,
			);
			path = HomeView;
			sourceTree = "<group>";
		};
		FAAC8D302C95CBEA00264E4B /* Extensions */ = {
			isa = PBXGroup;
			children = (
				FAAC8D312C95CC1800264E4B /* UICollectionViewCell+Extension.swift */,
				FAAC8D332C95CC4200264E4B /* UICollectionView+Extension.swift */,
				FA22AA122CAAD7F100F6B169 /* NotificationCenter+Extension.swift */,
			);
			path = Extensions;
			sourceTree = "<group>";
		};
		FAAC8D352C95CD9D00264E4B /* FoodSliderCell */ = {
			isa = PBXGroup;
			children = (
				FAAC8D362C95CE1100264E4B /* FoodSliderCellViewModel.swift */,
				FAAC8D382C95CF1100264E4B /* FoodSliderCellController.swift */,
				FAAC8D392C95CF1100264E4B /* FoodSliderCellController.xib */,
			);
			path = FoodSliderCell;
			sourceTree = "<group>";
		};
		FAAC8D5A2C9C550000264E4B /* ViewMorePageView */ = {
			isa = PBXGroup;
			children = (
				FAAC8D582C9C2C5000264E4B /* ViewMoreViewController.swift */,
				FAAC8D5B2C9C552700264E4B /* ViewMoreViewModel.swift */,
			);
			path = ViewMorePageView;
			sourceTree = "<group>";
		};
		FAAC8D5D2C9C64BD00264E4B /* BabiesAgeCell */ = {
			isa = PBXGroup;
			children = (
				FAAC8D402C97393B00264E4B /* BabiesAgeCell.swift */,
				FAAC8D412C97393B00264E4B /* BabiesAgeCell.xib */,
				FAAC8D5E2C9C650200264E4B /* BabiesAgeCellViewModel.swift */,
			);
			path = BabiesAgeCell;
			sourceTree = "<group>";
		};
		FAAC8D602C9C651B00264E4B /* BabiesFavCell */ = {
			isa = PBXGroup;
			children = (
				FAAC8D502C9AC89C00264E4B /* BabiesFavCell.swift */,
				FAAC8D612C9C654F00264E4B /* BabiesFavCellViewModel.swift */,
				FAAC8D512C9AC89C00264E4B /* BabiesFavCell.xib */,
			);
			path = BabiesFavCell;
			sourceTree = "<group>";
		};
		FAAC8D632C9C682F00264E4B /* DailyMenuCell */ = {
			isa = PBXGroup;
			children = (
				FAAC8D442C973ADC00264E4B /* DailyMenuCell.swift */,
				FAAC8D452C973ADC00264E4B /* DailyMenuCell.xib */,
				FAAC8D642C9C685A00264E4B /* DailyMenuCellViewModel.swift */,
			);
			path = DailyMenuCell;
			sourceTree = "<group>";
		};
		FAAC8D662C9C69F400264E4B /* FoodCell */ = {
			isa = PBXGroup;
			children = (
				FAAC8D482C97689D00264E4B /* FoodCell.swift */,
				FAAC8D672C9C6A0C00264E4B /* FoodCellViewModel.swift */,
				FAAC8D492C97689D00264E4B /* FoodCell.xib */,
			);
			path = FoodCell;
			sourceTree = "<group>";
		};
		FAAC8D692C9C767A00264E4B /* BabiesFavMiniCell */ = {
			isa = PBXGroup;
			children = (
				FAAC8D542C9ACBAA00264E4B /* BabiesFavMiniCell.swift */,
				FAAC8D6A2C9C76B700264E4B /* BabiesFavMiniCellViewModel.swift */,
				FAAC8D552C9ACBAA00264E4B /* BabiesFavMiniCell.xib */,
			);
			path = BabiesFavMiniCell;
			sourceTree = "<group>";
		};
		FAAC8D6D2C9C799600264E4B /* FoodSliderMiniCell */ = {
			isa = PBXGroup;
			children = (
				FAAC8D3C2C96F81E00264E4B /* FoodSliderMiniCell.swift */,
				FAAC8D6E2C9C79B700264E4B /* FoodSliderMiniCellViewModel.swift */,
				FAAC8D3D2C96F81E00264E4B /* FoodSliderMiniCell.xib */,
			);
			path = FoodSliderMiniCell;
			sourceTree = "<group>";
		};
		FAAC8D702C9C7B4900264E4B /* Screens */ = {
			isa = PBXGroup;
			children = (
				FAAC8D2D2C95C8EA00264E4B /* HomeView */,
				FAAC8D282C95C3C700264E4B /* AllFoodsPageView */,
				FAAC8D5A2C9C550000264E4B /* ViewMorePageView */,
				FA22AA3F2CB9247D00F6B169 /* FoodDetailPageView */,
			);
			path = Screens;
			sourceTree = "<group>";
		};
		FAAC8D712C9C7BB400264E4B /* Cells */ = {
			isa = PBXGroup;
			children = (
				FA22AA522CBBFF1000F6B169 /* RecipeCell */,
				FA22AA442CB99B8900F6B169 /* IngredientsCell */,
				FA22AA3E2CB4201000F6B169 /* EnjoyYourMealHeaderView */,
				FA22AA142CAADD6900F6B169 /* ViewMoreCell */,
				FA22AA0D2CA748A200F6B169 /* EnjoyYourMealCell */,
				FAAC8D632C9C682F00264E4B /* DailyMenuCell */,
				FAAC8D662C9C69F400264E4B /* FoodCell */,
				FAAC8D5D2C9C64BD00264E4B /* BabiesAgeCell */,
				FAAC8D602C9C651B00264E4B /* BabiesFavCell */,
				FAAC8D692C9C767A00264E4B /* BabiesFavMiniCell */,
				FAAC8D352C95CD9D00264E4B /* FoodSliderCell */,
				FAAC8D6D2C9C799600264E4B /* FoodSliderMiniCell */,
			);
			path = Cells;
			sourceTree = "<group>";
		};
/* End PBXGroup section */

/* Begin PBXNativeTarget section */
		FAAC8CF42C9456B000264E4B /* Beybi */ = {
			isa = PBXNativeTarget;
			buildConfigurationList = FAAC8D1F2C9456B200264E4B /* Build configuration list for PBXNativeTarget "Beybi" */;
			buildPhases = (
				FAAC8CF12C9456B000264E4B /* Sources */,
				FAAC8CF22C9456B000264E4B /* Frameworks */,
				FAAC8CF32C9456B000264E4B /* Resources */,
			);
			buildRules = (
			);
			dependencies = (
			);
			name = Beybi;
			packageProductDependencies = (
				FA22AA022C9F73E400F6B169 /* FirebaseAnalyticsWithoutAdIdSupport */,
				FA22AA042C9F73E400F6B169 /* FirebaseFirestore */,
				FA22AA062C9F73E400F6B169 /* FirebaseStorage */,
				FA22AA1E2CAD95A700F6B169 /* SDWebImage */,
				FA22AA202CAD95A700F6B169 /* SDWebImageMapKit */,
			);
			productName = Beybi;
			productReference = FAAC8CF52C9456B000264E4B /* Beybi.app */;
			productType = "com.apple.product-type.application";
		};
		FAAC8D0A2C9456B200264E4B /* BeybiTests */ = {
			isa = PBXNativeTarget;
			buildConfigurationList = FAAC8D222C9456B200264E4B /* Build configuration list for PBXNativeTarget "BeybiTests" */;
			buildPhases = (
				FAAC8D072C9456B200264E4B /* Sources */,
				FAAC8D082C9456B200264E4B /* Frameworks */,
				FAAC8D092C9456B200264E4B /* Resources */,
			);
			buildRules = (
			);
			dependencies = (
				FAAC8D0D2C9456B200264E4B /* PBXTargetDependency */,
			);
			name = BeybiTests;
			productName = BeybiTests;
			productReference = FAAC8D0B2C9456B200264E4B /* BeybiTests.xctest */;
			productType = "com.apple.product-type.bundle.unit-test";
		};
		FAAC8D142C9456B200264E4B /* BeybiUITests */ = {
			isa = PBXNativeTarget;
			buildConfigurationList = FAAC8D252C9456B200264E4B /* Build configuration list for PBXNativeTarget "BeybiUITests" */;
			buildPhases = (
				FAAC8D112C9456B200264E4B /* Sources */,
				FAAC8D122C9456B200264E4B /* Frameworks */,
				FAAC8D132C9456B200264E4B /* Resources */,
			);
			buildRules = (
			);
			dependencies = (
				FAAC8D172C9456B200264E4B /* PBXTargetDependency */,
			);
			name = BeybiUITests;
			productName = BeybiUITests;
			productReference = FAAC8D152C9456B200264E4B /* BeybiUITests.xctest */;
			productType = "com.apple.product-type.bundle.ui-testing";
		};
/* End PBXNativeTarget section */

/* Begin PBXProject section */
		FAAC8CED2C9456B000264E4B /* Project object */ = {
			isa = PBXProject;
			attributes = {
				BuildIndependentTargetsInParallel = 1;
				LastSwiftUpdateCheck = 1500;
				LastUpgradeCheck = 1500;
				TargetAttributes = {
					FAAC8CF42C9456B000264E4B = {
						CreatedOnToolsVersion = 15.0.1;
					};
					FAAC8D0A2C9456B200264E4B = {
						CreatedOnToolsVersion = 15.0.1;
						TestTargetID = FAAC8CF42C9456B000264E4B;
					};
					FAAC8D142C9456B200264E4B = {
						CreatedOnToolsVersion = 15.0.1;
						TestTargetID = FAAC8CF42C9456B000264E4B;
					};
				};
			};
			buildConfigurationList = FAAC8CF02C9456B000264E4B /* Build configuration list for PBXProject "Beybi" */;
			compatibilityVersion = "Xcode 14.0";
			developmentRegion = en;
			hasScannedForEncodings = 0;
			knownRegions = (
				en,
				Base,
			);
			mainGroup = FAAC8CEC2C9456B000264E4B;
			packageReferences = (
				FA22AA012C9F73E400F6B169 /* XCRemoteSwiftPackageReference "firebase-ios-sdk" */,
				FA22AA1D2CAD948200F6B169 /* XCRemoteSwiftPackageReference "SDWebImage" */,
			);
			productRefGroup = FAAC8CF62C9456B000264E4B /* Products */;
			projectDirPath = "";
			projectRoot = "";
			targets = (
				FAAC8CF42C9456B000264E4B /* Beybi */,
				FAAC8D0A2C9456B200264E4B /* BeybiTests */,
				FAAC8D142C9456B200264E4B /* BeybiUITests */,
			);
		};
/* End PBXProject section */

/* Begin PBXResourcesBuildPhase section */
		FAAC8CF32C9456B000264E4B /* Resources */ = {
			isa = PBXResourcesBuildPhase;
			buildActionMask = 2147483647;
			files = (
				FAAC8D3B2C95CF1100264E4B /* FoodSliderCellController.xib in Resources */,
				FAAC8D052C9456B200264E4B /* LaunchScreen.storyboard in Resources */,
				FAAC8D572C9ACBAA00264E4B /* BabiesFavMiniCell.xib in Resources */,
				FAAC8D532C9AC89C00264E4B /* BabiesFavCell.xib in Resources */,
				FA22AA182CAADD9300F6B169 /* ViewMoreCell.xib in Resources */,
				FAAC8D472C973ADC00264E4B /* DailyMenuCell.xib in Resources */,
				FA22AA4C2CB99E4A00F6B169 /* IngredientsCell.xib in Resources */,
				FA22AA562CBBFF2900F6B169 /* RecipeCell.xib in Resources */,
				FA22AA1C2CAD5D9400F6B169 /* Assets.xcassets in Resources */,
				FA22AA112CA748CC00F6B169 /* EnjoyYourMealCell.xib in Resources */,
				FAAC8D432C97393B00264E4B /* BabiesAgeCell.xib in Resources */,
				FA22AA3D2CB4200200F6B169 /* EnjoyYourMealHeaderView.xib in Resources */,
				FAAC8D4B2C97689D00264E4B /* FoodCell.xib in Resources */,
				FA22AA092C9F751E00F6B169 /* GoogleService-Info.plist in Resources */,
				FAAC8D002C9456B000264E4B /* Main.storyboard in Resources */,
				FAAC8D3F2C96F81E00264E4B /* FoodSliderMiniCell.xib in Resources */,
			);
			runOnlyForDeploymentPostprocessing = 0;
		};
		FAAC8D092C9456B200264E4B /* Resources */ = {
			isa = PBXResourcesBuildPhase;
			buildActionMask = 2147483647;
			files = (
			);
			runOnlyForDeploymentPostprocessing = 0;
		};
		FAAC8D132C9456B200264E4B /* Resources */ = {
			isa = PBXResourcesBuildPhase;
			buildActionMask = 2147483647;
			files = (
			);
			runOnlyForDeploymentPostprocessing = 0;
		};
/* End PBXResourcesBuildPhase section */

/* Begin PBXSourcesBuildPhase section */
		FAAC8CF12C9456B000264E4B /* Sources */ = {
			isa = PBXSourcesBuildPhase;
			buildActionMask = 2147483647;
			files = (
				FAAC8D6F2C9C79B700264E4B /* FoodSliderMiniCellViewModel.swift in Sources */,
				FAAC8D462C973ADC00264E4B /* DailyMenuCell.swift in Sources */,
				FAAC8D3A2C95CF1100264E4B /* FoodSliderCellController.swift in Sources */,
				FAAC8D562C9ACBAA00264E4B /* BabiesFavMiniCell.swift in Sources */,
				FAAC8D342C95CC4200264E4B /* UICollectionView+Extension.swift in Sources */,
				FA22AA132CAAD7F100F6B169 /* NotificationCenter+Extension.swift in Sources */,
				FA22AA102CA748CC00F6B169 /* EnjoyYourMealCell.swift in Sources */,
				FAAC8CFD2C9456B000264E4B /* HomeViewController.swift in Sources */,
				FAAC8D2F2C95C94500264E4B /* HomeViewModel.swift in Sources */,
				FAAC8D6B2C9C76B700264E4B /* BabiesFavMiniCellViewModel.swift in Sources */,
				FAAC8D622C9C654F00264E4B /* BabiesFavCellViewModel.swift in Sources */,
				FA22AA412CB9253000F6B169 /* FoodDetailPageViewController.swift in Sources */,
				FAAC8D322C95CC1800264E4B /* UICollectionViewCell+Extension.swift in Sources */,
				FAAC8D522C9AC89C00264E4B /* BabiesFavCell.swift in Sources */,
				FAAC8D592C9C2C5000264E4B /* ViewMoreViewController.swift in Sources */,
				FA22AA1A2CABC95F00F6B169 /* ViewMoreCellViewModel.swift in Sources */,
				FAAC8CF92C9456B000264E4B /* AppDelegate.swift in Sources */,
				FAAC8D2C2C95C53000264E4B /* AllFoodsPageViewModel.swift in Sources */,
				FAAC8D372C95CE1100264E4B /* FoodSliderCellViewModel.swift in Sources */,
				FAAC8D5C2C9C552700264E4B /* ViewMoreViewModel.swift in Sources */,
				FAAC8D682C9C6A0C00264E4B /* FoodCellViewModel.swift in Sources */,
				FA22AA552CBBFF2900F6B169 /* RecipeCell.swift in Sources */,
				FAAC8D4A2C97689D00264E4B /* FoodCell.swift in Sources */,
				FA22AA3C2CB4200200F6B169 /* EnjoyYourMealHeaderView.swift in Sources */,
				FAAC8D2A2C95C50F00264E4B /* AllFoodsPageViewController.swift in Sources */,
				FAAC8D422C97393B00264E4B /* BabiesAgeCell.swift in Sources */,
				FA22AA0C2CA446BC00F6B169 /* Foods.swift in Sources */,
				FAAC8D5F2C9C650200264E4B /* BabiesAgeCellViewModel.swift in Sources */,
				FAAC8CFB2C9456B000264E4B /* SceneDelegate.swift in Sources */,
				FA22AA432CB9255E00F6B169 /* FoodDetailPageViewModel.swift in Sources */,
				FAAC8D3E2C96F81E00264E4B /* FoodSliderMiniCell.swift in Sources */,
				FAAC8D652C9C685A00264E4B /* DailyMenuCellViewModel.swift in Sources */,
				FA22AA4B2CB99E4A00F6B169 /* IngredientsCell.swift in Sources */,
				FA22AA172CAADD9300F6B169 /* ViewMoreCell.swift in Sources */,
			);
			runOnlyForDeploymentPostprocessing = 0;
		};
		FAAC8D072C9456B200264E4B /* Sources */ = {
			isa = PBXSourcesBuildPhase;
			buildActionMask = 2147483647;
			files = (
				FAAC8D102C9456B200264E4B /* BeybiTests.swift in Sources */,
			);
			runOnlyForDeploymentPostprocessing = 0;
		};
		FAAC8D112C9456B200264E4B /* Sources */ = {
			isa = PBXSourcesBuildPhase;
			buildActionMask = 2147483647;
			files = (
				FAAC8D1C2C9456B200264E4B /* BeybiUITestsLaunchTests.swift in Sources */,
				FAAC8D1A2C9456B200264E4B /* BeybiUITests.swift in Sources */,
			);
			runOnlyForDeploymentPostprocessing = 0;
		};
/* End PBXSourcesBuildPhase section */

/* Begin PBXTargetDependency section */
		FAAC8D0D2C9456B200264E4B /* PBXTargetDependency */ = {
			isa = PBXTargetDependency;
			target = FAAC8CF42C9456B000264E4B /* Beybi */;
			targetProxy = FAAC8D0C2C9456B200264E4B /* PBXContainerItemProxy */;
		};
		FAAC8D172C9456B200264E4B /* PBXTargetDependency */ = {
			isa = PBXTargetDependency;
			target = FAAC8CF42C9456B000264E4B /* Beybi */;
			targetProxy = FAAC8D162C9456B200264E4B /* PBXContainerItemProxy */;
		};
/* End PBXTargetDependency section */

/* Begin PBXVariantGroup section */
		FAAC8CFE2C9456B000264E4B /* Main.storyboard */ = {
			isa = PBXVariantGroup;
			children = (
				FAAC8CFF2C9456B000264E4B /* Base */,
			);
			name = Main.storyboard;
			sourceTree = "<group>";
		};
		FAAC8D032C9456B200264E4B /* LaunchScreen.storyboard */ = {
			isa = PBXVariantGroup;
			children = (
				FAAC8D042C9456B200264E4B /* Base */,
			);
			name = LaunchScreen.storyboard;
			sourceTree = "<group>";
		};
/* End PBXVariantGroup section */

/* Begin XCBuildConfiguration section */
		FAAC8D1D2C9456B200264E4B /* Debug */ = {
			isa = XCBuildConfiguration;
			buildSettings = {
				ALWAYS_SEARCH_USER_PATHS = NO;
				ASSETCATALOG_COMPILER_GENERATE_SWIFT_ASSET_SYMBOL_EXTENSIONS = YES;
				CLANG_ANALYZER_NONNULL = YES;
				CLANG_ANALYZER_NUMBER_OBJECT_CONVERSION = YES_AGGRESSIVE;
				CLANG_CXX_LANGUAGE_STANDARD = "gnu++20";
				CLANG_ENABLE_MODULES = YES;
				CLANG_ENABLE_OBJC_ARC = YES;
				CLANG_ENABLE_OBJC_WEAK = YES;
				CLANG_WARN_BLOCK_CAPTURE_AUTORELEASING = YES;
				CLANG_WARN_BOOL_CONVERSION = YES;
				CLANG_WARN_COMMA = YES;
				CLANG_WARN_CONSTANT_CONVERSION = YES;
				CLANG_WARN_DEPRECATED_OBJC_IMPLEMENTATIONS = YES;
				CLANG_WARN_DIRECT_OBJC_ISA_USAGE = YES_ERROR;
				CLANG_WARN_DOCUMENTATION_COMMENTS = YES;
				CLANG_WARN_EMPTY_BODY = YES;
				CLANG_WARN_ENUM_CONVERSION = YES;
				CLANG_WARN_INFINITE_RECURSION = YES;
				CLANG_WARN_INT_CONVERSION = YES;
				CLANG_WARN_NON_LITERAL_NULL_CONVERSION = YES;
				CLANG_WARN_OBJC_IMPLICIT_RETAIN_SELF = YES;
				CLANG_WARN_OBJC_LITERAL_CONVERSION = YES;
				CLANG_WARN_OBJC_ROOT_CLASS = YES_ERROR;
				CLANG_WARN_QUOTED_INCLUDE_IN_FRAMEWORK_HEADER = YES;
				CLANG_WARN_RANGE_LOOP_ANALYSIS = YES;
				CLANG_WARN_STRICT_PROTOTYPES = YES;
				CLANG_WARN_SUSPICIOUS_MOVE = YES;
				CLANG_WARN_UNGUARDED_AVAILABILITY = YES_AGGRESSIVE;
				CLANG_WARN_UNREACHABLE_CODE = YES;
				CLANG_WARN__DUPLICATE_METHOD_MATCH = YES;
				COPY_PHASE_STRIP = NO;
				DEBUG_INFORMATION_FORMAT = dwarf;
				ENABLE_STRICT_OBJC_MSGSEND = YES;
				ENABLE_TESTABILITY = YES;
				ENABLE_USER_SCRIPT_SANDBOXING = YES;
				GCC_C_LANGUAGE_STANDARD = gnu17;
				GCC_DYNAMIC_NO_PIC = NO;
				GCC_NO_COMMON_BLOCKS = YES;
				GCC_OPTIMIZATION_LEVEL = 0;
				GCC_PREPROCESSOR_DEFINITIONS = (
					"DEBUG=1",
					"$(inherited)",
				);
				GCC_WARN_64_TO_32_BIT_CONVERSION = YES;
				GCC_WARN_ABOUT_RETURN_TYPE = YES_ERROR;
				GCC_WARN_UNDECLARED_SELECTOR = YES;
				GCC_WARN_UNINITIALIZED_AUTOS = YES_AGGRESSIVE;
				GCC_WARN_UNUSED_FUNCTION = YES;
				GCC_WARN_UNUSED_VARIABLE = YES;
				IPHONEOS_DEPLOYMENT_TARGET = 17.0;
				LOCALIZATION_PREFERS_STRING_CATALOGS = YES;
				MTL_ENABLE_DEBUG_INFO = INCLUDE_SOURCE;
				MTL_FAST_MATH = YES;
				ONLY_ACTIVE_ARCH = YES;
				SDKROOT = iphoneos;
				SWIFT_ACTIVE_COMPILATION_CONDITIONS = "DEBUG $(inherited)";
				SWIFT_OPTIMIZATION_LEVEL = "-Onone";
			};
			name = Debug;
		};
		FAAC8D1E2C9456B200264E4B /* Release */ = {
			isa = XCBuildConfiguration;
			buildSettings = {
				ALWAYS_SEARCH_USER_PATHS = NO;
				ASSETCATALOG_COMPILER_GENERATE_SWIFT_ASSET_SYMBOL_EXTENSIONS = YES;
				CLANG_ANALYZER_NONNULL = YES;
				CLANG_ANALYZER_NUMBER_OBJECT_CONVERSION = YES_AGGRESSIVE;
				CLANG_CXX_LANGUAGE_STANDARD = "gnu++20";
				CLANG_ENABLE_MODULES = YES;
				CLANG_ENABLE_OBJC_ARC = YES;
				CLANG_ENABLE_OBJC_WEAK = YES;
				CLANG_WARN_BLOCK_CAPTURE_AUTORELEASING = YES;
				CLANG_WARN_BOOL_CONVERSION = YES;
				CLANG_WARN_COMMA = YES;
				CLANG_WARN_CONSTANT_CONVERSION = YES;
				CLANG_WARN_DEPRECATED_OBJC_IMPLEMENTATIONS = YES;
				CLANG_WARN_DIRECT_OBJC_ISA_USAGE = YES_ERROR;
				CLANG_WARN_DOCUMENTATION_COMMENTS = YES;
				CLANG_WARN_EMPTY_BODY = YES;
				CLANG_WARN_ENUM_CONVERSION = YES;
				CLANG_WARN_INFINITE_RECURSION = YES;
				CLANG_WARN_INT_CONVERSION = YES;
				CLANG_WARN_NON_LITERAL_NULL_CONVERSION = YES;
				CLANG_WARN_OBJC_IMPLICIT_RETAIN_SELF = YES;
				CLANG_WARN_OBJC_LITERAL_CONVERSION = YES;
				CLANG_WARN_OBJC_ROOT_CLASS = YES_ERROR;
				CLANG_WARN_QUOTED_INCLUDE_IN_FRAMEWORK_HEADER = YES;
				CLANG_WARN_RANGE_LOOP_ANALYSIS = YES;
				CLANG_WARN_STRICT_PROTOTYPES = YES;
				CLANG_WARN_SUSPICIOUS_MOVE = YES;
				CLANG_WARN_UNGUARDED_AVAILABILITY = YES_AGGRESSIVE;
				CLANG_WARN_UNREACHABLE_CODE = YES;
				CLANG_WARN__DUPLICATE_METHOD_MATCH = YES;
				COPY_PHASE_STRIP = NO;
				DEBUG_INFORMATION_FORMAT = "dwarf-with-dsym";
				ENABLE_NS_ASSERTIONS = NO;
				ENABLE_STRICT_OBJC_MSGSEND = YES;
				ENABLE_USER_SCRIPT_SANDBOXING = YES;
				GCC_C_LANGUAGE_STANDARD = gnu17;
				GCC_NO_COMMON_BLOCKS = YES;
				GCC_WARN_64_TO_32_BIT_CONVERSION = YES;
				GCC_WARN_ABOUT_RETURN_TYPE = YES_ERROR;
				GCC_WARN_UNDECLARED_SELECTOR = YES;
				GCC_WARN_UNINITIALIZED_AUTOS = YES_AGGRESSIVE;
				GCC_WARN_UNUSED_FUNCTION = YES;
				GCC_WARN_UNUSED_VARIABLE = YES;
				IPHONEOS_DEPLOYMENT_TARGET = 17.0;
				LOCALIZATION_PREFERS_STRING_CATALOGS = YES;
				MTL_ENABLE_DEBUG_INFO = NO;
				MTL_FAST_MATH = YES;
				SDKROOT = iphoneos;
				SWIFT_COMPILATION_MODE = wholemodule;
				VALIDATE_PRODUCT = YES;
			};
			name = Release;
		};
		FAAC8D202C9456B200264E4B /* Debug */ = {
			isa = XCBuildConfiguration;
			buildSettings = {
				ASSETCATALOG_COMPILER_APPICON_NAME = AppIcon;
				ASSETCATALOG_COMPILER_GLOBAL_ACCENT_COLOR_NAME = AccentColor;
				CODE_SIGN_STYLE = Automatic;
				CURRENT_PROJECT_VERSION = 1;
				DEVELOPMENT_TEAM = A5Y9WBD7WV;
				GENERATE_INFOPLIST_FILE = YES;
				INFOPLIST_FILE = Beybi/Info.plist;
				INFOPLIST_KEY_UIApplicationSupportsIndirectInputEvents = YES;
				INFOPLIST_KEY_UILaunchStoryboardName = LaunchScreen;
				INFOPLIST_KEY_UIMainStoryboardFile = Main;
				INFOPLIST_KEY_UISupportedInterfaceOrientations_iPad = "UIInterfaceOrientationPortrait UIInterfaceOrientationPortraitUpsideDown UIInterfaceOrientationLandscapeLeft UIInterfaceOrientationLandscapeRight";
				INFOPLIST_KEY_UISupportedInterfaceOrientations_iPhone = "UIInterfaceOrientationPortrait UIInterfaceOrientationLandscapeLeft UIInterfaceOrientationLandscapeRight";
				LD_RUNPATH_SEARCH_PATHS = (
					"$(inherited)",
					"@executable_path/Frameworks",
				);
				MARKETING_VERSION = 1.0;
				PRODUCT_BUNDLE_IDENTIFIER = com.banu.Beybi;
				PRODUCT_NAME = "$(TARGET_NAME)";
				SWIFT_EMIT_LOC_STRINGS = YES;
				SWIFT_VERSION = 5.0;
				TARGETED_DEVICE_FAMILY = "1,2";
			};
			name = Debug;
		};
		FAAC8D212C9456B200264E4B /* Release */ = {
			isa = XCBuildConfiguration;
			buildSettings = {
				ASSETCATALOG_COMPILER_APPICON_NAME = AppIcon;
				ASSETCATALOG_COMPILER_GLOBAL_ACCENT_COLOR_NAME = AccentColor;
				CODE_SIGN_STYLE = Automatic;
				CURRENT_PROJECT_VERSION = 1;
				DEVELOPMENT_TEAM = A5Y9WBD7WV;
				GENERATE_INFOPLIST_FILE = YES;
				INFOPLIST_FILE = Beybi/Info.plist;
				INFOPLIST_KEY_UIApplicationSupportsIndirectInputEvents = YES;
				INFOPLIST_KEY_UILaunchStoryboardName = LaunchScreen;
				INFOPLIST_KEY_UIMainStoryboardFile = Main;
				INFOPLIST_KEY_UISupportedInterfaceOrientations_iPad = "UIInterfaceOrientationPortrait UIInterfaceOrientationPortraitUpsideDown UIInterfaceOrientationLandscapeLeft UIInterfaceOrientationLandscapeRight";
				INFOPLIST_KEY_UISupportedInterfaceOrientations_iPhone = "UIInterfaceOrientationPortrait UIInterfaceOrientationLandscapeLeft UIInterfaceOrientationLandscapeRight";
				LD_RUNPATH_SEARCH_PATHS = (
					"$(inherited)",
					"@executable_path/Frameworks",
				);
				MARKETING_VERSION = 1.0;
				PRODUCT_BUNDLE_IDENTIFIER = com.banu.Beybi;
				PRODUCT_NAME = "$(TARGET_NAME)";
				SWIFT_EMIT_LOC_STRINGS = YES;
				SWIFT_VERSION = 5.0;
				TARGETED_DEVICE_FAMILY = "1,2";
			};
			name = Release;
		};
		FAAC8D232C9456B200264E4B /* Debug */ = {
			isa = XCBuildConfiguration;
			buildSettings = {
				ALWAYS_EMBED_SWIFT_STANDARD_LIBRARIES = YES;
				BUNDLE_LOADER = "$(TEST_HOST)";
				CODE_SIGN_STYLE = Automatic;
				CURRENT_PROJECT_VERSION = 1;
				DEVELOPMENT_TEAM = A5Y9WBD7WV;
				GENERATE_INFOPLIST_FILE = YES;
				IPHONEOS_DEPLOYMENT_TARGET = 17.0;
				MARKETING_VERSION = 1.0;
				PRODUCT_BUNDLE_IDENTIFIER = com.banu.BeybiTests;
				PRODUCT_NAME = "$(TARGET_NAME)";
				SWIFT_EMIT_LOC_STRINGS = NO;
				SWIFT_VERSION = 5.0;
				TARGETED_DEVICE_FAMILY = "1,2";
				TEST_HOST = "$(BUILT_PRODUCTS_DIR)/Beybi.app/$(BUNDLE_EXECUTABLE_FOLDER_PATH)/Beybi";
			};
			name = Debug;
		};
		FAAC8D242C9456B200264E4B /* Release */ = {
			isa = XCBuildConfiguration;
			buildSettings = {
				ALWAYS_EMBED_SWIFT_STANDARD_LIBRARIES = YES;
				BUNDLE_LOADER = "$(TEST_HOST)";
				CODE_SIGN_STYLE = Automatic;
				CURRENT_PROJECT_VERSION = 1;
				DEVELOPMENT_TEAM = A5Y9WBD7WV;
				GENERATE_INFOPLIST_FILE = YES;
				IPHONEOS_DEPLOYMENT_TARGET = 17.0;
				MARKETING_VERSION = 1.0;
				PRODUCT_BUNDLE_IDENTIFIER = com.banu.BeybiTests;
				PRODUCT_NAME = "$(TARGET_NAME)";
				SWIFT_EMIT_LOC_STRINGS = NO;
				SWIFT_VERSION = 5.0;
				TARGETED_DEVICE_FAMILY = "1,2";
				TEST_HOST = "$(BUILT_PRODUCTS_DIR)/Beybi.app/$(BUNDLE_EXECUTABLE_FOLDER_PATH)/Beybi";
			};
			name = Release;
		};
		FAAC8D262C9456B200264E4B /* Debug */ = {
			isa = XCBuildConfiguration;
			buildSettings = {
				ALWAYS_EMBED_SWIFT_STANDARD_LIBRARIES = YES;
				CODE_SIGN_STYLE = Automatic;
				CURRENT_PROJECT_VERSION = 1;
				DEVELOPMENT_TEAM = A5Y9WBD7WV;
				GENERATE_INFOPLIST_FILE = YES;
				MARKETING_VERSION = 1.0;
				PRODUCT_BUNDLE_IDENTIFIER = com.banu.BeybiUITests;
				PRODUCT_NAME = "$(TARGET_NAME)";
				SWIFT_EMIT_LOC_STRINGS = NO;
				SWIFT_VERSION = 5.0;
				TARGETED_DEVICE_FAMILY = "1,2";
				TEST_TARGET_NAME = Beybi;
			};
			name = Debug;
		};
		FAAC8D272C9456B200264E4B /* Release */ = {
			isa = XCBuildConfiguration;
			buildSettings = {
				ALWAYS_EMBED_SWIFT_STANDARD_LIBRARIES = YES;
				CODE_SIGN_STYLE = Automatic;
				CURRENT_PROJECT_VERSION = 1;
				DEVELOPMENT_TEAM = A5Y9WBD7WV;
				GENERATE_INFOPLIST_FILE = YES;
				MARKETING_VERSION = 1.0;
				PRODUCT_BUNDLE_IDENTIFIER = com.banu.BeybiUITests;
				PRODUCT_NAME = "$(TARGET_NAME)";
				SWIFT_EMIT_LOC_STRINGS = NO;
				SWIFT_VERSION = 5.0;
				TARGETED_DEVICE_FAMILY = "1,2";
				TEST_TARGET_NAME = Beybi;
			};
			name = Release;
		};
/* End XCBuildConfiguration section */

/* Begin XCConfigurationList section */
		FAAC8CF02C9456B000264E4B /* Build configuration list for PBXProject "Beybi" */ = {
			isa = XCConfigurationList;
			buildConfigurations = (
				FAAC8D1D2C9456B200264E4B /* Debug */,
				FAAC8D1E2C9456B200264E4B /* Release */,
			);
			defaultConfigurationIsVisible = 0;
			defaultConfigurationName = Release;
		};
		FAAC8D1F2C9456B200264E4B /* Build configuration list for PBXNativeTarget "Beybi" */ = {
			isa = XCConfigurationList;
			buildConfigurations = (
				FAAC8D202C9456B200264E4B /* Debug */,
				FAAC8D212C9456B200264E4B /* Release */,
			);
			defaultConfigurationIsVisible = 0;
			defaultConfigurationName = Release;
		};
		FAAC8D222C9456B200264E4B /* Build configuration list for PBXNativeTarget "BeybiTests" */ = {
			isa = XCConfigurationList;
			buildConfigurations = (
				FAAC8D232C9456B200264E4B /* Debug */,
				FAAC8D242C9456B200264E4B /* Release */,
			);
			defaultConfigurationIsVisible = 0;
			defaultConfigurationName = Release;
		};
		FAAC8D252C9456B200264E4B /* Build configuration list for PBXNativeTarget "BeybiUITests" */ = {
			isa = XCConfigurationList;
			buildConfigurations = (
				FAAC8D262C9456B200264E4B /* Debug */,
				FAAC8D272C9456B200264E4B /* Release */,
			);
			defaultConfigurationIsVisible = 0;
			defaultConfigurationName = Release;
		};
/* End XCConfigurationList section */

/* Begin XCRemoteSwiftPackageReference section */
		FA22AA012C9F73E400F6B169 /* XCRemoteSwiftPackageReference "firebase-ios-sdk" */ = {
			isa = XCRemoteSwiftPackageReference;
			repositoryURL = "https://github.com/firebase/firebase-ios-sdk";
			requirement = {
				kind = upToNextMajorVersion;
				minimumVersion = 11.2.0;
			};
		};
		FA22AA1D2CAD948200F6B169 /* XCRemoteSwiftPackageReference "SDWebImage" */ = {
			isa = XCRemoteSwiftPackageReference;
			repositoryURL = "https://github.com/SDWebImage/SDWebImage.git";
			requirement = {
				kind = upToNextMajorVersion;
				minimumVersion = 5.19.7;
			};
		};
/* End XCRemoteSwiftPackageReference section */

/* Begin XCSwiftPackageProductDependency section */
		FA22AA022C9F73E400F6B169 /* FirebaseAnalyticsWithoutAdIdSupport */ = {
			isa = XCSwiftPackageProductDependency;
			package = FA22AA012C9F73E400F6B169 /* XCRemoteSwiftPackageReference "firebase-ios-sdk" */;
			productName = FirebaseAnalyticsWithoutAdIdSupport;
		};
		FA22AA042C9F73E400F6B169 /* FirebaseFirestore */ = {
			isa = XCSwiftPackageProductDependency;
			package = FA22AA012C9F73E400F6B169 /* XCRemoteSwiftPackageReference "firebase-ios-sdk" */;
			productName = FirebaseFirestore;
		};
		FA22AA062C9F73E400F6B169 /* FirebaseStorage */ = {
			isa = XCSwiftPackageProductDependency;
			package = FA22AA012C9F73E400F6B169 /* XCRemoteSwiftPackageReference "firebase-ios-sdk" */;
			productName = FirebaseStorage;
		};
		FA22AA1E2CAD95A700F6B169 /* SDWebImage */ = {
			isa = XCSwiftPackageProductDependency;
			package = FA22AA1D2CAD948200F6B169 /* XCRemoteSwiftPackageReference "SDWebImage" */;
			productName = SDWebImage;
		};
		FA22AA202CAD95A700F6B169 /* SDWebImageMapKit */ = {
			isa = XCSwiftPackageProductDependency;
			package = FA22AA1D2CAD948200F6B169 /* XCRemoteSwiftPackageReference "SDWebImage" */;
			productName = SDWebImageMapKit;
		};
/* End XCSwiftPackageProductDependency section */
	};
	rootObject = FAAC8CED2C9456B000264E4B /* Project object */;
}
